
Microsoft Visual Studio Solution File, Format Version 12.00
# Visual Studio 2013
VisualStudioVersion = 12.0.31101.0
MinimumVisualStudioVersion = 10.0.40219.1
Project("{FAE04EC0-301F-11D3-BF4B-00C04F79EFBC}") = "SistemaControleDieta28", "SistemaControleDieta28\SistemaControleDieta28.csproj", "{E39B9FC7-2313-4EC4-A960-47DDD5514352}"
EndProject
Global
	GlobalSection(SolutionConfigurationPlatforms) = preSolution
		Debug|Any CPU = Debug|Any CPU
		Release|Any CPU = Release|Any CPU
	EndGlobalSection
	GlobalSection(ProjectConfigurationPlatforms) = postSolution
		{E39B9FC7-2313-4EC4-A960-47DDD5514352}.Debug|Any CPU.ActiveCfg = Debug|Any CPU
		{E39B9FC7-2313-4EC4-A960-47DDD5514352}.Debug|Any CPU.Build.0 = Debug|Any CPU
		{E39B9FC7-2313-4EC4-A960-47DDD5514352}.Release|Any CPU.ActiveCfg = Release|Any CPU
		{E39B9FC7-2313-4EC4-A960-47DDD5514352}.Release|Any CPU.Build.0 = Release|Any CPU
	EndGlobalSection
	GlobalSection(SolutionProperties) = preSolution
		HideSolutionNode = FALSE
	EndGlobalSection
EndGlobal
